# This file is autogenerated, do not edit; changes may be undone by the next 'dep ensure'.


[[projects]]
  digest = "1:f9ae348e1f793dcf9ed930ed47136a67343dbd6809c5c91391322267f4476892"
  name = "github.com/Microsoft/go-winio"
  packages = ["."]
  pruneopts = "UT"
  revision = "97e4973ce50b2ff5f09635a57e2b88a037aae829"
  version = "v0.4.11"

[[projects]]
  branch = "master"
  digest = "1:29002e64d6ff5a3ca18805f6fa641be58a4d963026d83b051762faf58b6b893e"
  name = "golang.org/x/sys"
  packages = ["windows"]
  pruneopts = "UT"
  revision = "d47a0f3392421c5624713c9a19fe781f651f8a50"

[[projects]]
  digest = "1:7a39967e4ee7c016bc98a70108767e96526e1d9a8a67f9152bed36a24e04958b"
  name = "nanomsg.org/go-mangos"
  packages = [
    ".",
    "protocol/pub",
    "protocol/sub",
    "transport/ipc",
    "transport/tcp",
  ]
  pruneopts = "UT"
  revision = "c289f0f3165d00720e9dcef856b52d799f0bb008"
  version = "v1.4.0"

[solve-meta]
  analyzer-name = "dep"
  analyzer-version = 1
  input-imports = [
    "nanomsg.org/go-mangos",
    "nanomsg.org/go-mangos/protocol/pub",
    "nanomsg.org/go-mangos/protocol/sub",
    "nanomsg.org/go-mangos/transport/ipc",
    "nanomsg.org/go-mangos/transport/tcp",
  ]
  solver-name = "gps-cdcl"
  solver-version = 1
